
Microsoft Visual Studio Solution File, Format Version 12.00
# Visual Studio 14
VisualStudioVersion = 14.0.25123.0
MinimumVisualStudioVersion = 10.0.40219.1
Project("{2150E333-8FDC-42A3-9474-1A3956D46DE8}") = ".paket", ".paket", "{63297B98-5CED-492C-A5B7-A5B4F73CF142}"
	ProjectSection(SolutionItems) = preProject
		paket.dependencies = paket.dependencies
		paket.lock = paket.lock
	EndProjectSection
EndProject
Project("{2150E333-8FDC-42A3-9474-1A3956D46DE8}") = "docs", "docs", "{A6A6AF7D-D6E3-442D-9B1E-58CC91879BE1}"
EndProject
Project("{2150E333-8FDC-42A3-9474-1A3956D46DE8}") = "tools", "tools", "{83F16175-43B1-4C90-A1EE-8E351C33435D}"
	ProjectSection(SolutionItems) = preProject
		docs\tools\generate.fsx = docs\tools\generate.fsx
		docs\tools\templates\template.cshtml = docs\tools\templates\template.cshtml
	EndProjectSection
EndProject
Project("{2150E333-8FDC-42A3-9474-1A3956D46DE8}") = "content", "content", "{8E6D5255-776D-4B61-85F9-73C37AA1FB9A}"
	ProjectSection(SolutionItems) = preProject
		docs\content\index.fsx = docs\content\index.fsx
		docs\content\tutorial.fsx = docs\content\tutorial.fsx
	EndProjectSection
EndProject
Project("{F2A71F9B-5D33-465A-A702-920D77279786}") = "FSharp.DataProcessingPipelines", "src\FSharp.DataProcessingPipelines\FSharp.DataProcessingPipelines.fsproj", "{2FCA2463-4148-4DA1-A047-7722DBA5394E}"
EndProject
Project("{2150E333-8FDC-42A3-9474-1A3956D46DE8}") = "project", "project", "{BF60BC93-E09B-4E5F-9D85-95A519479D54}"
	ProjectSection(SolutionItems) = preProject
		build.fsx = build.fsx
		README.md = README.md
		RELEASE_NOTES.md = RELEASE_NOTES.md
	EndProjectSection
EndProject
Project("{2150E333-8FDC-42A3-9474-1A3956D46DE8}") = "tests", "tests", "{ED8079DD-2B06-4030-9F0F-DC548F98E1C4}"
EndProject
Project("{F2A71F9B-5D33-465A-A702-920D77279786}") = "FSharp.DataProcessingPipelines.Tests", "tests\FSharp.DataProcessingPipelines.Tests\FSharp.DataProcessingPipelines.Tests.fsproj", "{DC84595B-22D2-463C-BCD1-E7476CB80F8C}"
EndProject
Project("{2150E333-8FDC-42A3-9474-1A3956D46DE8}") = "core", "core", "{CD49A386-8874-476C-9EA2-D0178E781732}"
EndProject
Project("{F2A71F9B-5D33-465A-A702-920D77279786}") = "FSharp.DataProcessingPipelines.Core", "src\FSharp.DataProcessingPipelines.Core\FSharp.DataProcessingPipelines.Core.fsproj", "{DD56D434-1724-4BD4-AC8F-9A8E705EB7C1}"
EndProject
Project("{2150E333-8FDC-42A3-9474-1A3956D46DE8}") = "Supported Integrations", "Supported Integrations", "{B58B7267-7580-4A44-96F8-283634212CC8}"
EndProject
Project("{F2A71F9B-5D33-465A-A702-920D77279786}") = "FSharp.DataProcessingPipelines.RabbitMQ", "src\FSharp.DataProcessingPipelines.RabbitMQ\FSharp.DataProcessingPipelines.RabbitMQ.fsproj", "{01BACBB1-AE8D-4203-BAC6-3B713CFACF80}"
EndProject
Project("{F2A71F9B-5D33-465A-A702-920D77279786}") = "FSharp.DataProcessingPipelines.Azure.ServiceBus", "src\FSharp.DataProcessingPipelines.Azure.ServiceBus\FSharp.DataProcessingPipelines.Azure.ServiceBus.fsproj", "{8CD79A05-0A70-4164-9065-43C60F1BA53E}"
EndProject
Project("{F2A71F9B-5D33-465A-A702-920D77279786}") = "FSharp.DataProcessingPipelines.RabbitMQ.Tests", "tests\FSharp.DataProcessingPipelines.RabbitMQ.Tests\FSharp.DataProcessingPipelines.RabbitMQ.Tests.fsproj", "{4E63C011-32F8-48FE-A0FA-AEA0AF27F9B2}"
EndProject
Global
	GlobalSection(SolutionConfigurationPlatforms) = preSolution
		Debug|Any CPU = Debug|Any CPU
		Release|Any CPU = Release|Any CPU
	EndGlobalSection
	GlobalSection(ProjectConfigurationPlatforms) = postSolution
		{2FCA2463-4148-4DA1-A047-7722DBA5394E}.Debug|Any CPU.ActiveCfg = Debug|Any CPU
		{2FCA2463-4148-4DA1-A047-7722DBA5394E}.Debug|Any CPU.Build.0 = Debug|Any CPU
		{2FCA2463-4148-4DA1-A047-7722DBA5394E}.Release|Any CPU.ActiveCfg = Release|Any CPU
		{2FCA2463-4148-4DA1-A047-7722DBA5394E}.Release|Any CPU.Build.0 = Release|Any CPU
		{DC84595B-22D2-463C-BCD1-E7476CB80F8C}.Debug|Any CPU.ActiveCfg = Debug|Any CPU
		{DC84595B-22D2-463C-BCD1-E7476CB80F8C}.Debug|Any CPU.Build.0 = Debug|Any CPU
		{DC84595B-22D2-463C-BCD1-E7476CB80F8C}.Release|Any CPU.ActiveCfg = Release|Any CPU
		{DC84595B-22D2-463C-BCD1-E7476CB80F8C}.Release|Any CPU.Build.0 = Release|Any CPU
		{DD56D434-1724-4BD4-AC8F-9A8E705EB7C1}.Debug|Any CPU.ActiveCfg = Debug|Any CPU
		{DD56D434-1724-4BD4-AC8F-9A8E705EB7C1}.Debug|Any CPU.Build.0 = Debug|Any CPU
		{DD56D434-1724-4BD4-AC8F-9A8E705EB7C1}.Release|Any CPU.ActiveCfg = Release|Any CPU
		{DD56D434-1724-4BD4-AC8F-9A8E705EB7C1}.Release|Any CPU.Build.0 = Release|Any CPU
		{01BACBB1-AE8D-4203-BAC6-3B713CFACF80}.Debug|Any CPU.ActiveCfg = Debug|Any CPU
		{01BACBB1-AE8D-4203-BAC6-3B713CFACF80}.Debug|Any CPU.Build.0 = Debug|Any CPU
		{01BACBB1-AE8D-4203-BAC6-3B713CFACF80}.Release|Any CPU.ActiveCfg = Release|Any CPU
		{01BACBB1-AE8D-4203-BAC6-3B713CFACF80}.Release|Any CPU.Build.0 = Release|Any CPU
		{8CD79A05-0A70-4164-9065-43C60F1BA53E}.Debug|Any CPU.ActiveCfg = Debug|Any CPU
		{8CD79A05-0A70-4164-9065-43C60F1BA53E}.Debug|Any CPU.Build.0 = Debug|Any CPU
		{8CD79A05-0A70-4164-9065-43C60F1BA53E}.Release|Any CPU.ActiveCfg = Release|Any CPU
		{8CD79A05-0A70-4164-9065-43C60F1BA53E}.Release|Any CPU.Build.0 = Release|Any CPU
		{4E63C011-32F8-48FE-A0FA-AEA0AF27F9B2}.Debug|Any CPU.ActiveCfg = Debug|Any CPU
		{4E63C011-32F8-48FE-A0FA-AEA0AF27F9B2}.Debug|Any CPU.Build.0 = Debug|Any CPU
		{4E63C011-32F8-48FE-A0FA-AEA0AF27F9B2}.Release|Any CPU.ActiveCfg = Release|Any CPU
		{4E63C011-32F8-48FE-A0FA-AEA0AF27F9B2}.Release|Any CPU.Build.0 = Release|Any CPU
	EndGlobalSection
	GlobalSection(SolutionProperties) = preSolution
		HideSolutionNode = FALSE
	EndGlobalSection
	GlobalSection(NestedProjects) = preSolution
		{83F16175-43B1-4C90-A1EE-8E351C33435D} = {A6A6AF7D-D6E3-442D-9B1E-58CC91879BE1}
		{8E6D5255-776D-4B61-85F9-73C37AA1FB9A} = {A6A6AF7D-D6E3-442D-9B1E-58CC91879BE1}
		{DC84595B-22D2-463C-BCD1-E7476CB80F8C} = {ED8079DD-2B06-4030-9F0F-DC548F98E1C4}
		{DD56D434-1724-4BD4-AC8F-9A8E705EB7C1} = {CD49A386-8874-476C-9EA2-D0178E781732}
		{01BACBB1-AE8D-4203-BAC6-3B713CFACF80} = {B58B7267-7580-4A44-96F8-283634212CC8}
		{8CD79A05-0A70-4164-9065-43C60F1BA53E} = {B58B7267-7580-4A44-96F8-283634212CC8}
		{4E63C011-32F8-48FE-A0FA-AEA0AF27F9B2} = {ED8079DD-2B06-4030-9F0F-DC548F98E1C4}
	EndGlobalSection
EndGlobal
